// !$*UTF8*$!
{
	archiveVersion = 1;
	classes = {
	};
	objectVersion = 56;
	objects = {

/* Begin PBXBuildFile section */
		8D11120B2AF53D5700FF5ACC /* ForEachDemoApp.swift in Sources */ = {isa = PBXBuildFile; fileRef = 8D11120A2AF53D5700FF5ACC /* ForEachDemoApp.swift */; };
		8D11120D2AF53D5700FF5ACC /* ContentView.swift in Sources */ = {isa = PBXBuildFile; fileRef = 8D11120C2AF53D5700FF5ACC /* ContentView.swift */; };
		8D11120F2AF53D5800FF5ACC /* Assets.xcassets in Resources */ = {isa = PBXBuildFile; fileRef = 8D11120E2AF53D5800FF5ACC /* Assets.xcassets */; };
		8D1112122AF53D5800FF5ACC /* Preview Assets.xcassets in Resources */ = {isa = PBXBuildFile; fileRef = 8D1112112AF53D5800FF5ACC /* Preview Assets.xcassets */; };
		8D1112192AF53D7300FF5ACC /* ViewModel.swift in Sources */ = {isa = PBXBuildFile; fileRef = 8D1112182AF53D7300FF5ACC /* ViewModel.swift */; };
		8D11121B2AF53E2A00FF5ACC /* SelectableAttachment.swift in Sources */ = {isa = PBXBuildFile; fileRef = 8D11121A2AF53E2A00FF5ACC /* SelectableAttachment.swift */; };
		8D11121D2AF53E4600FF5ACC /* SelectableAttachmentMapper.swift in Sources */ = {isa = PBXBuildFile; fileRef = 8D11121C2AF53E4600FF5ACC /* SelectableAttachmentMapper.swift */; };
		8D11121F2AF53E7500FF5ACC /* DemoType.swift in Sources */ = {isa = PBXBuildFile; fileRef = 8D11121E2AF53E7500FF5ACC /* DemoType.swift */; };
/* End PBXBuildFile section */

/* Begin PBXFileReference section */
		8D1112072AF53D5700FF5ACC /* ForEachDemo.app */ = {isa = PBXFileReference; explicitFileType = wrapper.application; includeInIndex = 0; path = ForEachDemo.app; sourceTree = BUILT_PRODUCTS_DIR; };
		8D11120A2AF53D5700FF5ACC /* ForEachDemoApp.swift */ = {isa = PBXFileReference; lastKnownFileType = sourcecode.swift; path = ForEachDemoApp.swift; sourceTree = "<group>"; };
		8D11120C2AF53D5700FF5ACC /* ContentView.swift */ = {isa = PBXFileReference; lastKnownFileType = sourcecode.swift; path = ContentView.swift; sourceTree = "<group>"; };
		8D11120E2AF53D5800FF5ACC /* Assets.xcassets */ = {isa = PBXFileReference; lastKnownFileType = folder.assetcatalog; path = Assets.xcassets; sourceTree = "<group>"; };
		8D1112112AF53D5800FF5ACC /* Preview Assets.xcassets */ = {isa = PBXFileReference; lastKnownFileType = folder.assetcatalog; path = "Preview Assets.xcassets"; sourceTree = "<group>"; };
		8D1112182AF53D7300FF5ACC /* ViewModel.swift */ = {isa = PBXFileReference; lastKnownFileType = sourcecode.swift; path = ViewModel.swift; sourceTree = "<group>"; };
		8D11121A2AF53E2A00FF5ACC /* SelectableAttachment.swift */ = {isa = PBXFileReference; lastKnownFileType = sourcecode.swift; path = SelectableAttachment.swift; sourceTree = "<group>"; };
		8D11121C2AF53E4600FF5ACC /* SelectableAttachmentMapper.swift */ = {isa = PBXFileReference; lastKnownFileType = sourcecode.swift; path = SelectableAttachmentMapper.swift; sourceTree = "<group>"; };
		8D11121E2AF53E7500FF5ACC /* DemoType.swift */ = {isa = PBXFileReference; lastKnownFileType = sourcecode.swift; path = DemoType.swift; sourceTree = "<group>"; };
/* End PBXFileReference section */

/* Begin PBXFrameworksBuildPhase section */
		8D1112042AF53D5700FF5ACC /* Frameworks */ = {
			isa = PBXFrameworksBuildPhase;
			buildActionMask = 2147483647;
			files = (
			);
			runOnlyForDeploymentPostprocessing = 0;
		};
/* End PBXFrameworksBuildPhase section */

/* Begin PBXGroup section */
		8D1111FE2AF53D5700FF5ACC = {
			isa = PBXGroup;
			children = (
				8D1112092AF53D5700FF5ACC /* ForEachDemo */,
				8D1112082AF53D5700FF5ACC /* Products */,
			);
			sourceTree = "<group>";
		};
		8D1112082AF53D5700FF5ACC /* Products */ = {
			isa = PBXGroup;
			children = (
				8D1112072AF53D5700FF5ACC /* ForEachDemo.app */,
			);
			name = Products;
			sourceTree = "<group>";
		};
		8D1112092AF53D5700FF5ACC /* ForEachDemo */ = {
			isa = PBXGroup;
			children = (
				8D11120A2AF53D5700FF5ACC /* ForEachDemoApp.swift */,
				8D11120C2AF53D5700FF5ACC /* ContentView.swift */,
				8D1112182AF53D7300FF5ACC /* ViewModel.swift */,
				8D11121E2AF53E7500FF5ACC /* DemoType.swift */,
				8D11121C2AF53E4600FF5ACC /* SelectableAttachmentMapper.swift */,
				8D11121A2AF53E2A00FF5ACC /* SelectableAttachment.swift */,
				8D11120E2AF53D5800FF5ACC /* Assets.xcassets */,
				8D1112102AF53D5800FF5ACC /* Preview Content */,
			);
			path = ForEachDemo;
			sourceTree = "<group>";
		};
		8D1112102AF53D5800FF5ACC /* Preview Content */ = {
			isa = PBXGroup;
			children = (
				8D1112112AF53D5800FF5ACC /* Preview Assets.xcassets */,
			);
			path = "Preview Content";
			sourceTree = "<group>";
		};
/* End PBXGroup section */

/* Begin PBXNativeTarget section */
		8D1112062AF53D5700FF5ACC /* ForEachDemo */ = {
			isa = PBXNativeTarget;
			buildConfigurationList = 8D1112152AF53D5800FF5ACC /* Build configuration list for PBXNativeTarget "ForEachDemo" */;
			buildPhases = (
				8D1112032AF53D5700FF5ACC /* Sources */,
				8D1112042AF53D5700FF5ACC /* Frameworks */,
				8D1112052AF53D5700FF5ACC /* Resources */,
			);
			buildRules = (
			);
			dependencies = (
			);
			name = ForEachDemo;
			productName = ForEachDemo;
			productReference = 8D1112072AF53D5700FF5ACC /* ForEachDemo.app */;
			productType = "com.apple.product-type.application";
		};
/* End PBXNativeTarget section */

/* Begin PBXProject section */
		8D1111FF2AF53D5700FF5ACC /* Project object */ = {
			isa = PBXProject;
			attributes = {
				BuildIndependentTargetsInParallel = 1;
				LastSwiftUpdateCheck = 1500;
				LastUpgradeCheck = 1500;
				TargetAttributes = {
					8D1112062AF53D5700FF5ACC = {
						CreatedOnToolsVersion = 15.0.1;
					};
				};
			};
			buildConfigurationList = 8D1112022AF53D5700FF5ACC /* Build configuration list for PBXProject "ForEachDemo" */;
			compatibilityVersion = "Xcode 14.0";
			developmentRegion = en;
			hasScannedForEncodings = 0;
			knownRegions = (
				en,
				Base,
			);
			mainGroup = 8D1111FE2AF53D5700FF5ACC;
			productRefGroup = 8D1112082AF53D5700FF5ACC /* Products */;
			projectDirPath = "";
			projectRoot = "";
			targets = (
				8D1112062AF53D5700FF5ACC /* ForEachDemo */,
			);
		};
/* End PBXProject section */

/* Begin PBXResourcesBuildPhase section */
		8D1112052AF53D5700FF5ACC /* Resources */ = {
			isa = PBXResourcesBuildPhase;
			buildActionMask = 2147483647;
			files = (
				8D1112122AF53D5800FF5ACC /* Preview Assets.xcassets in Resources */,
				8D11120F2AF53D5800FF5ACC /* Assets.xcassets in Resources */,
			);
			runOnlyForDeploymentPostprocessing = 0;
		};
/* End PBXResourcesBuildPhase section */

/* Begin PBXSourcesBuildPhase section */
		8D1112032AF53D5700FF5ACC /* Sources */ = {
			isa = PBXSourcesBuildPhase;
			buildActionMask = 2147483647;
			files = (
				8D11120D2AF53D5700FF5ACC /* ContentView.swift in Sources */,
				8D1112192AF53D7300FF5ACC /* ViewModel.swift in Sources */,
				8D11121F2AF53E7500FF5ACC /* DemoType.swift in Sources */,
				8D11121B2AF53E2A00FF5ACC /* SelectableAttachment.swift in Sources */,
				8D11120B2AF53D5700FF5ACC /* ForEachDemoApp.swift in Sources */,
				8D11121D2AF53E4600FF5ACC /* SelectableAttachmentMapper.swift in Sources */,
			);
			runOnlyForDeploymentPostprocessing = 0;
		};
/* End PBXSourcesBuildPhase section */

/* Begin XCBuildConfiguration section */
		8D1112132AF53D5800FF5ACC /* Debug */ = {
			isa = XCBuildConfiguration;
			buildSettings = {
				ALWAYS_SEARCH_USER_PATHS = NO;
				ASSETCATALOG_COMPILER_GENERATE_SWIFT_ASSET_SYMBOL_EXTENSIONS = YES;
				CLANG_ANALYZER_NONNULL = YES;
				CLANG_ANALYZER_NUMBER_OBJECT_CONVERSION = YES_AGGRESSIVE;
				CLANG_CXX_LANGUAGE_STANDARD = "gnu++20";
				CLANG_ENABLE_MODULES = YES;
				CLANG_ENABLE_OBJC_ARC = YES;
				CLANG_ENABLE_OBJC_WEAK = YES;
				CLANG_WARN_BLOCK_CAPTURE_AUTORELEASING = YES;
				CLANG_WARN_BOOL_CONVERSION = YES;
				CLANG_WARN_COMMA = YES;
				CLANG_WARN_CONSTANT_CONVERSION = YES;
				CLANG_WARN_DEPRECATED_OBJC_IMPLEMENTATIONS = YES;
				CLANG_WARN_DIRECT_OBJC_ISA_USAGE = YES_ERROR;
				CLANG_WARN_DOCUMENTATION_COMMENTS = YES;
				CLANG_WARN_EMPTY_BODY = YES;
				CLANG_WARN_ENUM_CONVERSION = YES;
				CLANG_WARN_INFINITE_RECURSION = YES;
				CLANG_WARN_INT_CONVERSION = YES;
				CLANG_WARN_NON_LITERAL_NULL_CONVERSION = YES;
				CLANG_WARN_OBJC_IMPLICIT_RETAIN_SELF = YES;
				CLANG_WARN_OBJC_LITERAL_CONVERSION = YES;
				CLANG_WARN_OBJC_ROOT_CLASS = YES_ERROR;
				CLANG_WARN_QUOTED_INCLUDE_IN_FRAMEWORK_HEADER = YES;
				CLANG_WARN_RANGE_LOOP_ANALYSIS = YES;
				CLANG_WARN_STRICT_PROTOTYPES = YES;
				CLANG_WARN_SUSPICIOUS_MOVE = YES;
				CLANG_WARN_UNGUARDED_AVAILABILITY = YES_AGGRESSIVE;
				CLANG_WARN_UNREACHABLE_CODE = YES;
				CLANG_WARN__DUPLICATE_METHOD_MATCH = YES;
				COPY_PHASE_STRIP = NO;
				DEBUG_INFORMATION_FORMAT = dwarf;
				ENABLE_STRICT_OBJC_MSGSEND = YES;
				ENABLE_TESTABILITY = YES;
				ENABLE_USER_SCRIPT_SANDBOXING = YES;
				GCC_C_LANGUAGE_STANDARD = gnu17;
				GCC_DYNAMIC_NO_PIC = NO;
				GCC_NO_COMMON_BLOCKS = YES;
				GCC_OPTIMIZATION_LEVEL = 0;
				GCC_PREPROCESSOR_DEFINITIONS = (
					"DEBUG=1",
					"$(inherited)",
				);
				GCC_WARN_64_TO_32_BIT_CONVERSION = YES;
				GCC_WARN_ABOUT_RETURN_TYPE = YES_ERROR;
				GCC_WARN_UNDECLARED_SELECTOR = YES;
				GCC_WARN_UNINITIALIZED_AUTOS = YES_AGGRESSIVE;
				GCC_WARN_UNUSED_FUNCTION = YES;
				GCC_WARN_UNUSED_VARIABLE = YES;
				IPHONEOS_DEPLOYMENT_TARGET = 17.0;
				LOCALIZATION_PREFERS_STRING_CATALOGS = YES;
				MTL_ENABLE_DEBUG_INFO = INCLUDE_SOURCE;
				MTL_FAST_MATH = YES;
				ONLY_ACTIVE_ARCH = YES;
				SDKROOT = iphoneos;
				SWIFT_ACTIVE_COMPILATION_CONDITIONS = "DEBUG $(inherited)";
				SWIFT_OPTIMIZATION_LEVEL = "-Onone";
			};
			name = Debug;
		};
		8D1112142AF53D5800FF5ACC /* Release */ = {
			isa = XCBuildConfiguration;
			buildSettings = {
				ALWAYS_SEARCH_USER_PATHS = NO;
				ASSETCATALOG_COMPILER_GENERATE_SWIFT_ASSET_SYMBOL_EXTENSIONS = YES;
				CLANG_ANALYZER_NONNULL = YES;
				CLANG_ANALYZER_NUMBER_OBJECT_CONVERSION = YES_AGGRESSIVE;
				CLANG_CXX_LANGUAGE_STANDARD = "gnu++20";
				CLANG_ENABLE_MODULES = YES;
				CLANG_ENABLE_OBJC_ARC = YES;
				CLANG_ENABLE_OBJC_WEAK = YES;
				CLANG_WARN_BLOCK_CAPTURE_AUTORELEASING = YES;
				CLANG_WARN_BOOL_CONVERSION = YES;
				CLANG_WARN_COMMA = YES;
				CLANG_WARN_CONSTANT_CONVERSION = YES;
				CLANG_WARN_DEPRECATED_OBJC_IMPLEMENTATIONS = YES;
				CLANG_WARN_DIRECT_OBJC_ISA_USAGE = YES_ERROR;
				CLANG_WARN_DOCUMENTATION_COMMENTS = YES;
				CLANG_WARN_EMPTY_BODY = YES;
				CLANG_WARN_ENUM_CONVERSION = YES;
				CLANG_WARN_INFINITE_RECURSION = YES;
				CLANG_WARN_INT_CONVERSION = YES;
				CLANG_WARN_NON_LITERAL_NULL_CONVERSION = YES;
				CLANG_WARN_OBJC_IMPLICIT_RETAIN_SELF = YES;
				CLANG_WARN_OBJC_LITERAL_CONVERSION = YES;
				CLANG_WARN_OBJC_ROOT_CLASS = YES_ERROR;
				CLANG_WARN_QUOTED_INCLUDE_IN_FRAMEWORK_HEADER = YES;
				CLANG_WARN_RANGE_LOOP_ANALYSIS = YES;
				CLANG_WARN_STRICT_PROTOTYPES = YES;
				CLANG_WARN_SUSPICIOUS_MOVE = YES;
				CLANG_WARN_UNGUARDED_AVAILABILITY = YES_AGGRESSIVE;
				CLANG_WARN_UNREACHABLE_CODE = YES;
				CLANG_WARN__DUPLICATE_METHOD_MATCH = YES;
				COPY_PHASE_STRIP = NO;
				DEBUG_INFORMATION_FORMAT = "dwarf-with-dsym";
				ENABLE_NS_ASSERTIONS = NO;
				ENABLE_STRICT_OBJC_MSGSEND = YES;
				ENABLE_USER_SCRIPT_SANDBOXING = YES;
				GCC_C_LANGUAGE_STANDARD = gnu17;
				GCC_NO_COMMON_BLOCKS = YES;
				GCC_WARN_64_TO_32_BIT_CONVERSION = YES;
				GCC_WARN_ABOUT_RETURN_TYPE = YES_ERROR;
				GCC_WARN_UNDECLARED_SELECTOR = YES;
				GCC_WARN_UNINITIALIZED_AUTOS = YES_AGGRESSIVE;
				GCC_WARN_UNUSED_FUNCTION = YES;
				GCC_WARN_UNUSED_VARIABLE = YES;
				IPHONEOS_DEPLOYMENT_TARGET = 17.0;
				LOCALIZATION_PREFERS_STRING_CATALOGS = YES;
				MTL_ENABLE_DEBUG_INFO = NO;
				MTL_FAST_MATH = YES;
				SDKROOT = iphoneos;
				SWIFT_COMPILATION_MODE = wholemodule;
				VALIDATE_PRODUCT = YES;
			};
			name = Release;
		};
		8D1112162AF53D5800FF5ACC /* Debug */ = {
			isa = XCBuildConfiguration;
			buildSettings = {
				ASSETCATALOG_COMPILER_APPICON_NAME = AppIcon;
				ASSETCATALOG_COMPILER_GLOBAL_ACCENT_COLOR_NAME = AccentColor;
				CODE_SIGN_STYLE = Automatic;
				CURRENT_PROJECT_VERSION = 1;
				DEVELOPMENT_ASSET_PATHS = "\"ForEachDemo/Preview Content\"";
				ENABLE_PREVIEWS = YES;
				GENERATE_INFOPLIST_FILE = YES;
				INFOPLIST_KEY_UIApplicationSceneManifest_Generation = YES;
				INFOPLIST_KEY_UIApplicationSupportsIndirectInputEvents = YES;
				INFOPLIST_KEY_UILaunchScreen_Generation = YES;
				INFOPLIST_KEY_UISupportedInterfaceOrientations_iPad = "UIInterfaceOrientationPortrait UIInterfaceOrientationPortraitUpsideDown UIInterfaceOrientationLandscapeLeft UIInterfaceOrientationLandscapeRight";
				INFOPLIST_KEY_UISupportedInterfaceOrientations_iPhone = "UIInterfaceOrientationPortrait UIInterfaceOrientationLandscapeLeft UIInterfaceOrientationLandscapeRight";
				LD_RUNPATH_SEARCH_PATHS = (
					"$(inherited)",
					"@executable_path/Frameworks",
				);
				MARKETING_VERSION = 1.0;
				PRODUCT_BUNDLE_IDENTIFIER = arkos.ForEachDemo;
				PRODUCT_NAME = "$(TARGET_NAME)";
				SWIFT_EMIT_LOC_STRINGS = YES;
				SWIFT_VERSION = 5.0;
				TARGETED_DEVICE_FAMILY = "1,2";
			};
			name = Debug;
		};
		8D1112172AF53D5800FF5ACC /* Release */ = {
			isa = XCBuildConfiguration;
			buildSettings = {
				ASSETCATALOG_COMPILER_APPICON_NAME = AppIcon;
				ASSETCATALOG_COMPILER_GLOBAL_ACCENT_COLOR_NAME = AccentColor;
				CODE_SIGN_STYLE = Automatic;
				CURRENT_PROJECT_VERSION = 1;
				DEVELOPMENT_ASSET_PATHS = "\"ForEachDemo/Preview Content\"";
				ENABLE_PREVIEWS = YES;
				GENERATE_INFOPLIST_FILE = YES;
				INFOPLIST_KEY_UIApplicationSceneManifest_Generation = YES;
				INFOPLIST_KEY_UIApplicationSupportsIndirectInputEvents = YES;
				INFOPLIST_KEY_UILaunchScreen_Generation = YES;
				INFOPLIST_KEY_UISupportedInterfaceOrientations_iPad = "UIInterfaceOrientationPortrait UIInterfaceOrientationPortraitUpsideDown UIInterfaceOrientationLandscapeLeft UIInterfaceOrientationLandscapeRight";
				INFOPLIST_KEY_UISupportedInterfaceOrientations_iPhone = "UIInterfaceOrientationPortrait UIInterfaceOrientationLandscapeLeft UIInterfaceOrientationLandscapeRight";
				LD_RUNPATH_SEARCH_PATHS = (
					"$(inherited)",
					"@executable_path/Frameworks",
				);
				MARKETING_VERSION = 1.0;
				PRODUCT_BUNDLE_IDENTIFIER = arkos.ForEachDemo;
				PRODUCT_NAME = "$(TARGET_NAME)";
				SWIFT_EMIT_LOC_STRINGS = YES;
				SWIFT_VERSION = 5.0;
				TARGETED_DEVICE_FAMILY = "1,2";
			};
			name = Release;
		};
/* End XCBuildConfiguration section */

/* Begin XCConfigurationList section */
		8D1112022AF53D5700FF5ACC /* Build configuration list for PBXProject "ForEachDemo" */ = {
			isa = XCConfigurationList;
			buildConfigurations = (
				8D1112132AF53D5800FF5ACC /* Debug */,
				8D1112142AF53D5800FF5ACC /* Release */,
			);
			defaultConfigurationIsVisible = 0;
			defaultConfigurationName = Release;
		};
		8D1112152AF53D5800FF5ACC /* Build configuration list for PBXNativeTarget "ForEachDemo" */ = {
			isa = XCConfigurationList;
			buildConfigurations = (
				8D1112162AF53D5800FF5ACC /* Debug */,
				8D1112172AF53D5800FF5ACC /* Release */,
			);
			defaultConfigurationIsVisible = 0;
			defaultConfigurationName = Release;
		};
/* End XCConfigurationList section */
	};
	rootObject = 8D1111FF2AF53D5700FF5ACC /* Project object */;
}
