// !$*UTF8*$!
{
	archiveVersion = 1;
	classes = {
	};
	objectVersion = 56;
	objects = {

/* Begin PBXBuildFile section */
		8D4E43292A9D0AE100E78CA9 /* ContentViewModel.swift in Sources */ = {isa = PBXBuildFile; fileRef = 8D4E43282A9D0AE100E78CA9 /* ContentViewModel.swift */; };
		8D4E432B2A9D0C4E00E78CA9 /* AnalyticsReporter.swift in Sources */ = {isa = PBXBuildFile; fileRef = 8D4E432A2A9D0C4E00E78CA9 /* AnalyticsReporter.swift */; };
		8D7318382A74506300ED402A /* SwiftUIDemoApp.swift in Sources */ = {isa = PBXBuildFile; fileRef = 8D7318372A74506300ED402A /* SwiftUIDemoApp.swift */; };
		8D73183A2A74506300ED402A /* ContentView.swift in Sources */ = {isa = PBXBuildFile; fileRef = 8D7318392A74506300ED402A /* ContentView.swift */; };
		8D73183C2A74506400ED402A /* Assets.xcassets in Resources */ = {isa = PBXBuildFile; fileRef = 8D73183B2A74506400ED402A /* Assets.xcassets */; };
		8D73183F2A74506400ED402A /* Preview Assets.xcassets in Resources */ = {isa = PBXBuildFile; fileRef = 8D73183E2A74506400ED402A /* Preview Assets.xcassets */; };
		8DB559302ADE027F00849C6A /* ScrollToView.swift in Sources */ = {isa = PBXBuildFile; fileRef = 8DB5592F2ADE027F00849C6A /* ScrollToView.swift */; };
		8DBA08D72AC7817100BF4001 /* FPSampleViewModel.swift in Sources */ = {isa = PBXBuildFile; fileRef = 8DBA08D62AC7817100BF4001 /* FPSampleViewModel.swift */; };
		8DD3C8472ABB809200117C67 /* ExpandingList.swift in Sources */ = {isa = PBXBuildFile; fileRef = 8DD3C8462ABB809200117C67 /* ExpandingList.swift */; };
		8DD3C8492ABB810C00117C67 /* School.swift in Sources */ = {isa = PBXBuildFile; fileRef = 8DD3C8482ABB810C00117C67 /* School.swift */; };
		8DD3C84B2ABB812F00117C67 /* Child.swift in Sources */ = {isa = PBXBuildFile; fileRef = 8DD3C84A2ABB812F00117C67 /* Child.swift */; };
		8DD3C84F2ABB92B500117C67 /* ExpandingList2.swift in Sources */ = {isa = PBXBuildFile; fileRef = 8DD3C84E2ABB92B500117C67 /* ExpandingList2.swift */; };
/* End PBXBuildFile section */

/* Begin PBXFileReference section */
		8D4E43282A9D0AE100E78CA9 /* ContentViewModel.swift */ = {isa = PBXFileReference; lastKnownFileType = sourcecode.swift; path = ContentViewModel.swift; sourceTree = "<group>"; };
		8D4E432A2A9D0C4E00E78CA9 /* AnalyticsReporter.swift */ = {isa = PBXFileReference; lastKnownFileType = sourcecode.swift; path = AnalyticsReporter.swift; sourceTree = "<group>"; };
		8D7318342A74506300ED402A /* SwiftUIDemo.app */ = {isa = PBXFileReference; explicitFileType = wrapper.application; includeInIndex = 0; path = SwiftUIDemo.app; sourceTree = BUILT_PRODUCTS_DIR; };
		8D7318372A74506300ED402A /* SwiftUIDemoApp.swift */ = {isa = PBXFileReference; lastKnownFileType = sourcecode.swift; path = SwiftUIDemoApp.swift; sourceTree = "<group>"; };
		8D7318392A74506300ED402A /* ContentView.swift */ = {isa = PBXFileReference; lastKnownFileType = sourcecode.swift; path = ContentView.swift; sourceTree = "<group>"; };
		8D73183B2A74506400ED402A /* Assets.xcassets */ = {isa = PBXFileReference; lastKnownFileType = folder.assetcatalog; path = Assets.xcassets; sourceTree = "<group>"; };
		8D73183E2A74506400ED402A /* Preview Assets.xcassets */ = {isa = PBXFileReference; lastKnownFileType = folder.assetcatalog; path = "Preview Assets.xcassets"; sourceTree = "<group>"; };
		8DB5592F2ADE027F00849C6A /* ScrollToView.swift */ = {isa = PBXFileReference; lastKnownFileType = sourcecode.swift; path = ScrollToView.swift; sourceTree = "<group>"; };
		8DBA08D62AC7817100BF4001 /* FPSampleViewModel.swift */ = {isa = PBXFileReference; lastKnownFileType = sourcecode.swift; path = FPSampleViewModel.swift; sourceTree = "<group>"; };
		8DD3C8462ABB809200117C67 /* ExpandingList.swift */ = {isa = PBXFileReference; lastKnownFileType = sourcecode.swift; path = ExpandingList.swift; sourceTree = "<group>"; };
		8DD3C8482ABB810C00117C67 /* School.swift */ = {isa = PBXFileReference; lastKnownFileType = sourcecode.swift; path = School.swift; sourceTree = "<group>"; };
		8DD3C84A2ABB812F00117C67 /* Child.swift */ = {isa = PBXFileReference; lastKnownFileType = sourcecode.swift; path = Child.swift; sourceTree = "<group>"; };
		8DD3C84E2ABB92B500117C67 /* ExpandingList2.swift */ = {isa = PBXFileReference; lastKnownFileType = sourcecode.swift; path = ExpandingList2.swift; sourceTree = "<group>"; };
/* End PBXFileReference section */

/* Begin PBXFrameworksBuildPhase section */
		8D7318312A74506300ED402A /* Frameworks */ = {
			isa = PBXFrameworksBuildPhase;
			buildActionMask = 2147483647;
			files = (
			);
			runOnlyForDeploymentPostprocessing = 0;
		};
/* End PBXFrameworksBuildPhase section */

/* Begin PBXGroup section */
		8D73182B2A74506300ED402A = {
			isa = PBXGroup;
			children = (
				8D7318362A74506300ED402A /* SwiftUIDemo */,
				8D7318352A74506300ED402A /* Products */,
				8DA6BD9D2AD4D9220051FAB8 /* Frameworks */,
			);
			sourceTree = "<group>";
		};
		8D7318352A74506300ED402A /* Products */ = {
			isa = PBXGroup;
			children = (
				8D7318342A74506300ED402A /* SwiftUIDemo.app */,
			);
			name = Products;
			sourceTree = "<group>";
		};
		8D7318362A74506300ED402A /* SwiftUIDemo */ = {
			isa = PBXGroup;
			children = (
				8D7318372A74506300ED402A /* SwiftUIDemoApp.swift */,
				8D7318392A74506300ED402A /* ContentView.swift */,
				8DD3C84C2ABB815F00117C67 /* Models */,
				8DD3C84D2ABB818E00117C67 /* Subbviews */,
				8D4E43282A9D0AE100E78CA9 /* ContentViewModel.swift */,
				8DBA08D62AC7817100BF4001 /* FPSampleViewModel.swift */,
				8D4E432A2A9D0C4E00E78CA9 /* AnalyticsReporter.swift */,
				8D73183B2A74506400ED402A /* Assets.xcassets */,
				8D73183D2A74506400ED402A /* Preview Content */,
			);
			path = SwiftUIDemo;
			sourceTree = "<group>";
		};
		8D73183D2A74506400ED402A /* Preview Content */ = {
			isa = PBXGroup;
			children = (
				8D73183E2A74506400ED402A /* Preview Assets.xcassets */,
			);
			path = "Preview Content";
			sourceTree = "<group>";
		};
		8DA6BD9D2AD4D9220051FAB8 /* Frameworks */ = {
			isa = PBXGroup;
			children = (
			);
			name = Frameworks;
			sourceTree = "<group>";
		};
		8DD3C84C2ABB815F00117C67 /* Models */ = {
			isa = PBXGroup;
			children = (
				8DD3C84A2ABB812F00117C67 /* Child.swift */,
				8DD3C8482ABB810C00117C67 /* School.swift */,
			);
			path = Models;
			sourceTree = "<group>";
		};
		8DD3C84D2ABB818E00117C67 /* Subbviews */ = {
			isa = PBXGroup;
			children = (
				8DD3C8462ABB809200117C67 /* ExpandingList.swift */,
				8DB5592F2ADE027F00849C6A /* ScrollToView.swift */,
				8DD3C84E2ABB92B500117C67 /* ExpandingList2.swift */,
			);
			path = Subbviews;
			sourceTree = "<group>";
		};
/* End PBXGroup section */

/* Begin PBXNativeTarget section */
		8D7318332A74506300ED402A /* SwiftUIDemo */ = {
			isa = PBXNativeTarget;
			buildConfigurationList = 8D7318422A74506400ED402A /* Build configuration list for PBXNativeTarget "SwiftUIDemo" */;
			buildPhases = (
				8D7318302A74506300ED402A /* Sources */,
				8D7318312A74506300ED402A /* Frameworks */,
				8D7318322A74506300ED402A /* Resources */,
			);
			buildRules = (
			);
			dependencies = (
			);
			name = SwiftUIDemo;
			packageProductDependencies = (
			);
			productName = SwiftUIDemo;
			productReference = 8D7318342A74506300ED402A /* SwiftUIDemo.app */;
			productType = "com.apple.product-type.application";
		};
/* End PBXNativeTarget section */

/* Begin PBXProject section */
		8D73182C2A74506300ED402A /* Project object */ = {
			isa = PBXProject;
			attributes = {
				BuildIndependentTargetsInParallel = 1;
				LastSwiftUpdateCheck = 1410;
				LastUpgradeCheck = 1410;
				TargetAttributes = {
					8D7318332A74506300ED402A = {
						CreatedOnToolsVersion = 14.1;
					};
				};
			};
			buildConfigurationList = 8D73182F2A74506300ED402A /* Build configuration list for PBXProject "SwiftUIDemo" */;
			compatibilityVersion = "Xcode 14.0";
			developmentRegion = en;
			hasScannedForEncodings = 0;
			knownRegions = (
				en,
				Base,
			);
			mainGroup = 8D73182B2A74506300ED402A;
			packageReferences = (
			);
			productRefGroup = 8D7318352A74506300ED402A /* Products */;
			projectDirPath = "";
			projectRoot = "";
			targets = (
				8D7318332A74506300ED402A /* SwiftUIDemo */,
			);
		};
/* End PBXProject section */

/* Begin PBXResourcesBuildPhase section */
		8D7318322A74506300ED402A /* Resources */ = {
			isa = PBXResourcesBuildPhase;
			buildActionMask = 2147483647;
			files = (
				8D73183F2A74506400ED402A /* Preview Assets.xcassets in Resources */,
				8D73183C2A74506400ED402A /* Assets.xcassets in Resources */,
			);
			runOnlyForDeploymentPostprocessing = 0;
		};
/* End PBXResourcesBuildPhase section */

/* Begin PBXSourcesBuildPhase section */
		8D7318302A74506300ED402A /* Sources */ = {
			isa = PBXSourcesBuildPhase;
			buildActionMask = 2147483647;
			files = (
				8DB559302ADE027F00849C6A /* ScrollToView.swift in Sources */,
				8D73183A2A74506300ED402A /* ContentView.swift in Sources */,
				8DD3C8492ABB810C00117C67 /* School.swift in Sources */,
				8D4E432B2A9D0C4E00E78CA9 /* AnalyticsReporter.swift in Sources */,
				8DBA08D72AC7817100BF4001 /* FPSampleViewModel.swift in Sources */,
				8DD3C84F2ABB92B500117C67 /* ExpandingList2.swift in Sources */,
				8DD3C8472ABB809200117C67 /* ExpandingList.swift in Sources */,
				8D7318382A74506300ED402A /* SwiftUIDemoApp.swift in Sources */,
				8DD3C84B2ABB812F00117C67 /* Child.swift in Sources */,
				8D4E43292A9D0AE100E78CA9 /* ContentViewModel.swift in Sources */,
			);
			runOnlyForDeploymentPostprocessing = 0;
		};
/* End PBXSourcesBuildPhase section */

/* Begin XCBuildConfiguration section */
		8D7318402A74506400ED402A /* Debug */ = {
			isa = XCBuildConfiguration;
			buildSettings = {
				ALWAYS_SEARCH_USER_PATHS = NO;
				CLANG_ANALYZER_NONNULL = YES;
				CLANG_ANALYZER_NUMBER_OBJECT_CONVERSION = YES_AGGRESSIVE;
				CLANG_CXX_LANGUAGE_STANDARD = "gnu++20";
				CLANG_ENABLE_MODULES = YES;
				CLANG_ENABLE_OBJC_ARC = YES;
				CLANG_ENABLE_OBJC_WEAK = YES;
				CLANG_WARN_BLOCK_CAPTURE_AUTORELEASING = YES;
				CLANG_WARN_BOOL_CONVERSION = YES;
				CLANG_WARN_COMMA = YES;
				CLANG_WARN_CONSTANT_CONVERSION = YES;
				CLANG_WARN_DEPRECATED_OBJC_IMPLEMENTATIONS = YES;
				CLANG_WARN_DIRECT_OBJC_ISA_USAGE = YES_ERROR;
				CLANG_WARN_DOCUMENTATION_COMMENTS = YES;
				CLANG_WARN_EMPTY_BODY = YES;
				CLANG_WARN_ENUM_CONVERSION = YES;
				CLANG_WARN_INFINITE_RECURSION = YES;
				CLANG_WARN_INT_CONVERSION = YES;
				CLANG_WARN_NON_LITERAL_NULL_CONVERSION = YES;
				CLANG_WARN_OBJC_IMPLICIT_RETAIN_SELF = YES;
				CLANG_WARN_OBJC_LITERAL_CONVERSION = YES;
				CLANG_WARN_OBJC_ROOT_CLASS = YES_ERROR;
				CLANG_WARN_QUOTED_INCLUDE_IN_FRAMEWORK_HEADER = YES;
				CLANG_WARN_RANGE_LOOP_ANALYSIS = YES;
				CLANG_WARN_STRICT_PROTOTYPES = YES;
				CLANG_WARN_SUSPICIOUS_MOVE = YES;
				CLANG_WARN_UNGUARDED_AVAILABILITY = YES_AGGRESSIVE;
				CLANG_WARN_UNREACHABLE_CODE = YES;
				CLANG_WARN__DUPLICATE_METHOD_MATCH = YES;
				COPY_PHASE_STRIP = NO;
				DEBUG_INFORMATION_FORMAT = dwarf;
				ENABLE_STRICT_OBJC_MSGSEND = YES;
				ENABLE_TESTABILITY = YES;
				GCC_C_LANGUAGE_STANDARD = gnu11;
				GCC_DYNAMIC_NO_PIC = NO;
				GCC_NO_COMMON_BLOCKS = YES;
				GCC_OPTIMIZATION_LEVEL = 0;
				GCC_PREPROCESSOR_DEFINITIONS = (
					"DEBUG=1",
					"$(inherited)",
				);
				GCC_WARN_64_TO_32_BIT_CONVERSION = YES;
				GCC_WARN_ABOUT_RETURN_TYPE = YES_ERROR;
				GCC_WARN_UNDECLARED_SELECTOR = YES;
				GCC_WARN_UNINITIALIZED_AUTOS = YES_AGGRESSIVE;
				GCC_WARN_UNUSED_FUNCTION = YES;
				GCC_WARN_UNUSED_VARIABLE = YES;
				IPHONEOS_DEPLOYMENT_TARGET = 16.1;
				MTL_ENABLE_DEBUG_INFO = INCLUDE_SOURCE;
				MTL_FAST_MATH = YES;
				ONLY_ACTIVE_ARCH = YES;
				SDKROOT = iphoneos;
				SWIFT_ACTIVE_COMPILATION_CONDITIONS = DEBUG;
				SWIFT_OPTIMIZATION_LEVEL = "-Onone";
			};
			name = Debug;
		};
		8D7318412A74506400ED402A /* Release */ = {
			isa = XCBuildConfiguration;
			buildSettings = {
				ALWAYS_SEARCH_USER_PATHS = NO;
				CLANG_ANALYZER_NONNULL = YES;
				CLANG_ANALYZER_NUMBER_OBJECT_CONVERSION = YES_AGGRESSIVE;
				CLANG_CXX_LANGUAGE_STANDARD = "gnu++20";
				CLANG_ENABLE_MODULES = YES;
				CLANG_ENABLE_OBJC_ARC = YES;
				CLANG_ENABLE_OBJC_WEAK = YES;
				CLANG_WARN_BLOCK_CAPTURE_AUTORELEASING = YES;
				CLANG_WARN_BOOL_CONVERSION = YES;
				CLANG_WARN_COMMA = YES;
				CLANG_WARN_CONSTANT_CONVERSION = YES;
				CLANG_WARN_DEPRECATED_OBJC_IMPLEMENTATIONS = YES;
				CLANG_WARN_DIRECT_OBJC_ISA_USAGE = YES_ERROR;
				CLANG_WARN_DOCUMENTATION_COMMENTS = YES;
				CLANG_WARN_EMPTY_BODY = YES;
				CLANG_WARN_ENUM_CONVERSION = YES;
				CLANG_WARN_INFINITE_RECURSION = YES;
				CLANG_WARN_INT_CONVERSION = YES;
				CLANG_WARN_NON_LITERAL_NULL_CONVERSION = YES;
				CLANG_WARN_OBJC_IMPLICIT_RETAIN_SELF = YES;
				CLANG_WARN_OBJC_LITERAL_CONVERSION = YES;
				CLANG_WARN_OBJC_ROOT_CLASS = YES_ERROR;
				CLANG_WARN_QUOTED_INCLUDE_IN_FRAMEWORK_HEADER = YES;
				CLANG_WARN_RANGE_LOOP_ANALYSIS = YES;
				CLANG_WARN_STRICT_PROTOTYPES = YES;
				CLANG_WARN_SUSPICIOUS_MOVE = YES;
				CLANG_WARN_UNGUARDED_AVAILABILITY = YES_AGGRESSIVE;
				CLANG_WARN_UNREACHABLE_CODE = YES;
				CLANG_WARN__DUPLICATE_METHOD_MATCH = YES;
				COPY_PHASE_STRIP = NO;
				DEBUG_INFORMATION_FORMAT = "dwarf-with-dsym";
				ENABLE_NS_ASSERTIONS = NO;
				ENABLE_STRICT_OBJC_MSGSEND = YES;
				GCC_C_LANGUAGE_STANDARD = gnu11;
				GCC_NO_COMMON_BLOCKS = YES;
				GCC_WARN_64_TO_32_BIT_CONVERSION = YES;
				GCC_WARN_ABOUT_RETURN_TYPE = YES_ERROR;
				GCC_WARN_UNDECLARED_SELECTOR = YES;
				GCC_WARN_UNINITIALIZED_AUTOS = YES_AGGRESSIVE;
				GCC_WARN_UNUSED_FUNCTION = YES;
				GCC_WARN_UNUSED_VARIABLE = YES;
				IPHONEOS_DEPLOYMENT_TARGET = 16.1;
				MTL_ENABLE_DEBUG_INFO = NO;
				MTL_FAST_MATH = YES;
				SDKROOT = iphoneos;
				SWIFT_COMPILATION_MODE = wholemodule;
				SWIFT_OPTIMIZATION_LEVEL = "-O";
				VALIDATE_PRODUCT = YES;
			};
			name = Release;
		};
		8D7318432A74506400ED402A /* Debug */ = {
			isa = XCBuildConfiguration;
			buildSettings = {
				ASSETCATALOG_COMPILER_APPICON_NAME = AppIcon;
				ASSETCATALOG_COMPILER_GLOBAL_ACCENT_COLOR_NAME = AccentColor;
				CODE_SIGN_STYLE = Automatic;
				CURRENT_PROJECT_VERSION = 1;
				DEVELOPMENT_ASSET_PATHS = "\"SwiftUIDemo/Preview Content\"";
				DEVELOPMENT_TEAM = A9KL983VAD;
				ENABLE_PREVIEWS = YES;
				GENERATE_INFOPLIST_FILE = YES;
				INFOPLIST_KEY_UIApplicationSceneManifest_Generation = YES;
				INFOPLIST_KEY_UIApplicationSupportsIndirectInputEvents = YES;
				INFOPLIST_KEY_UILaunchScreen_Generation = YES;
				INFOPLIST_KEY_UISupportedInterfaceOrientations_iPad = "UIInterfaceOrientationPortrait UIInterfaceOrientationPortraitUpsideDown UIInterfaceOrientationLandscapeLeft UIInterfaceOrientationLandscapeRight";
				INFOPLIST_KEY_UISupportedInterfaceOrientations_iPhone = "UIInterfaceOrientationPortrait UIInterfaceOrientationLandscapeLeft UIInterfaceOrientationLandscapeRight";
				LD_RUNPATH_SEARCH_PATHS = (
					"$(inherited)",
					"@executable_path/Frameworks",
				);
				MARKETING_VERSION = 1.0;
				PRODUCT_BUNDLE_IDENTIFIER = arkos.SwiftUIDemo;
				PRODUCT_NAME = "$(TARGET_NAME)";
				SUPPORTED_PLATFORMS = "iphoneos iphonesimulator";
				SUPPORTS_MACCATALYST = NO;
				SUPPORTS_MAC_DESIGNED_FOR_IPHONE_IPAD = NO;
				SWIFT_EMIT_LOC_STRINGS = YES;
				SWIFT_VERSION = 5.0;
				TARGETED_DEVICE_FAMILY = 1;
			};
			name = Debug;
		};
		8D7318442A74506400ED402A /* Release */ = {
			isa = XCBuildConfiguration;
			buildSettings = {
				ASSETCATALOG_COMPILER_APPICON_NAME = AppIcon;
				ASSETCATALOG_COMPILER_GLOBAL_ACCENT_COLOR_NAME = AccentColor;
				CODE_SIGN_STYLE = Automatic;
				CURRENT_PROJECT_VERSION = 1;
				DEVELOPMENT_ASSET_PATHS = "\"SwiftUIDemo/Preview Content\"";
				DEVELOPMENT_TEAM = A9KL983VAD;
				ENABLE_PREVIEWS = YES;
				GENERATE_INFOPLIST_FILE = YES;
				INFOPLIST_KEY_UIApplicationSceneManifest_Generation = YES;
				INFOPLIST_KEY_UIApplicationSupportsIndirectInputEvents = YES;
				INFOPLIST_KEY_UILaunchScreen_Generation = YES;
				INFOPLIST_KEY_UISupportedInterfaceOrientations_iPad = "UIInterfaceOrientationPortrait UIInterfaceOrientationPortraitUpsideDown UIInterfaceOrientationLandscapeLeft UIInterfaceOrientationLandscapeRight";
				INFOPLIST_KEY_UISupportedInterfaceOrientations_iPhone = "UIInterfaceOrientationPortrait UIInterfaceOrientationLandscapeLeft UIInterfaceOrientationLandscapeRight";
				LD_RUNPATH_SEARCH_PATHS = (
					"$(inherited)",
					"@executable_path/Frameworks",
				);
				MARKETING_VERSION = 1.0;
				PRODUCT_BUNDLE_IDENTIFIER = arkos.SwiftUIDemo;
				PRODUCT_NAME = "$(TARGET_NAME)";
				SUPPORTED_PLATFORMS = "iphoneos iphonesimulator";
				SUPPORTS_MACCATALYST = NO;
				SUPPORTS_MAC_DESIGNED_FOR_IPHONE_IPAD = NO;
				SWIFT_EMIT_LOC_STRINGS = YES;
				SWIFT_VERSION = 5.0;
				TARGETED_DEVICE_FAMILY = 1;
			};
			name = Release;
		};
/* End XCBuildConfiguration section */

/* Begin XCConfigurationList section */
		8D73182F2A74506300ED402A /* Build configuration list for PBXProject "SwiftUIDemo" */ = {
			isa = XCConfigurationList;
			buildConfigurations = (
				8D7318402A74506400ED402A /* Debug */,
				8D7318412A74506400ED402A /* Release */,
			);
			defaultConfigurationIsVisible = 0;
			defaultConfigurationName = Release;
		};
		8D7318422A74506400ED402A /* Build configuration list for PBXNativeTarget "SwiftUIDemo" */ = {
			isa = XCConfigurationList;
			buildConfigurations = (
				8D7318432A74506400ED402A /* Debug */,
				8D7318442A74506400ED402A /* Release */,
			);
			defaultConfigurationIsVisible = 0;
			defaultConfigurationName = Release;
		};
/* End XCConfigurationList section */
	};
	rootObject = 8D73182C2A74506300ED402A /* Project object */;
}
